
Microsoft Visual Studio Solution File, Format Version 12.00
# Visual Studio Version 17
VisualStudioVersion = 17.8.34330.188
MinimumVisualStudioVersion = 10.0.40219.1
Project("{2150E333-8FDC-42A3-9474-1A3956D46DE8}") = "Microservices", "Microservices", "{5245BF93-46B0-45EA-A0CB-6E90CB07B432}"
EndProject
Project("{FAE04EC0-301F-11D3-BF4B-00C04F79EFBC}") = "CustomerWebAPI", "CustomerWebAPI\CustomerWebAPI.csproj", "{A7435ED9-8D42-4704-9F39-CC0B873841FA}"
EndProject
Global
	GlobalSection(SolutionConfigurationPlatforms) = preSolution
		Debug|Any CPU = Debug|Any CPU
		Release|Any CPU = Release|Any CPU
	EndGlobalSection
	GlobalSection(ProjectConfigurationPlatforms) = postSolution
		{A7435ED9-8D42-4704-9F39-CC0B873841FA}.Debug|Any CPU.ActiveCfg = Debug|Any CPU
		{A7435ED9-8D42-4704-9F39-CC0B873841FA}.Debug|Any CPU.Build.0 = Debug|Any CPU
		{A7435ED9-8D42-4704-9F39-CC0B873841FA}.Release|Any CPU.ActiveCfg = Release|Any CPU
		{A7435ED9-8D42-4704-9F39-CC0B873841FA}.Release|Any CPU.Build.0 = Release|Any CPU
	EndGlobalSection
	GlobalSection(SolutionProperties) = preSolution
		HideSolutionNode = FALSE
	EndGlobalSection
	GlobalSection(NestedProjects) = preSolution
		{A7435ED9-8D42-4704-9F39-CC0B873841FA} = {5245BF93-46B0-45EA-A0CB-6E90CB07B432}
	EndGlobalSection
	GlobalSection(ExtensibilityGlobals) = postSolution
		SolutionGuid = {3B9EE430-4BE3-43DA-BDA5-4981B22E2494}
	EndGlobalSection
EndGlobal
